lockfileVersion: '9.0'

settings:
  autoInstallPeers: true
  excludeLinksFromLockfile: false

importers:

  .:
    dependencies:
      prettier:
        specifier: ^3.6.2
        version: 3.6.2
      scss:
        specifier: ^0.2.4
        version: 0.2.4

packages:

  ometa@0.2.2:
    resolution: {integrity: sha512-LZuoK/yjU3FvrxPjUXUlZ1bavCfBPqauA7fsNdwi+AVhRdyk2IzgP3JRnevvjzQ6fKHdUw8YISshf53FmpHrng==}
    engines: {node: '>= 0.2.0'}

  prettier@3.6.2:
    resolution: {integrity: sha512-I7AIg5boAr5R0FFtJ6rCfD+LFsWHp81dolrFD8S79U9tb8Az2nGrJncnMSnys+bpQJfRUzqs9hnA81OAA3hCuQ==}
    engines: {node: '>=14'}
    hasBin: true

  scss@0.2.4:
    resolution: {integrity: sha512-4u8V87F+Q/upVhUmhPnB4C1R11xojkRkWjExL2v0CX2EXTg18VrKd+9JWoeyCp2VEMdSpJsyAvVU+rVjogh51A==}
    engines: {node: '>= 0.2.0'}

snapshots:

  ometa@0.2.2: {}

  prettier@3.6.2: {}

  scss@0.2.4:
    dependencies:
      ometa: 0.2.2
